
Microsoft Visual Studio Solution File, Format Version 12.00
Project("{FAE04EC0-301F-11D3-BF4B-00C04F79EFBC}") = "Тема 1. Ошибки", "Тема 1. Ошибки\Тема 1. Ошибки.csproj", "{3DFF610D-B808-40D6-B8D6-745948352866}"
EndProject
Project("{FAE04EC0-301F-11D3-BF4B-00C04F79EFBC}") = "Тема 2. Ветвления", "Тема 2. Ветвления\Тема 2. Ветвления.csproj", "{A4AAD435-9E4C-43F0-B2B0-F1A94570A717}"
EndProject
Global
	GlobalSection(SolutionConfigurationPlatforms) = preSolution
		Debug|Any CPU = Debug|Any CPU
		Release|Any CPU = Release|Any CPU
	EndGlobalSection
	GlobalSection(ProjectConfigurationPlatforms) = postSolution
		{3DFF610D-B808-40D6-B8D6-745948352866}.Debug|Any CPU.ActiveCfg = Debug|Any CPU
		{3DFF610D-B808-40D6-B8D6-745948352866}.Debug|Any CPU.Build.0 = Debug|Any CPU
		{3DFF610D-B808-40D6-B8D6-745948352866}.Release|Any CPU.ActiveCfg = Release|Any CPU
		{3DFF610D-B808-40D6-B8D6-745948352866}.Release|Any CPU.Build.0 = Release|Any CPU
		{A4AAD435-9E4C-43F0-B2B0-F1A94570A717}.Debug|Any CPU.ActiveCfg = Debug|Any CPU
		{A4AAD435-9E4C-43F0-B2B0-F1A94570A717}.Debug|Any CPU.Build.0 = Debug|Any CPU
		{A4AAD435-9E4C-43F0-B2B0-F1A94570A717}.Release|Any CPU.ActiveCfg = Release|Any CPU
		{A4AAD435-9E4C-43F0-B2B0-F1A94570A717}.Release|Any CPU.Build.0 = Release|Any CPU
	EndGlobalSection
EndGlobal
